{
  "requires": true,
  "lockfileVersion": 1,
  "dependencies": {
    "@prisma/cli": {
      "version": "2.0.0-beta.4",
      "resolved": "https://registry.npmjs.org/@prisma/cli/-/cli-2.0.0-beta.4.tgz",
      "integrity": "sha512-z9si4cmn/dN7bxVx3hbdDFL6fQuosTzj45EhVrCYt6VCWcJ5jYn0Fzamr+npZvbR/Gl6eLhexXP1sa7iGe8gjA=="
    },
    "@prisma/client": {
      "version": "2.0.0-beta.4",
      "resolved": "https://registry.npmjs.org/@prisma/client/-/client-2.0.0-beta.4.tgz",
      "integrity": "sha512-LEtHIQVJrM7Y8H0G288sKxvsFv1od7tG8SiaWQvzv51AZo7IsK+n+wJ8A1/tJ6eL/7UQWHZQjZN7JLgpxetFvw=="
    },
    "mdbootstrap": {
      "version": "4.14.0",
      "resolved": "https://registry.npmjs.org/mdbootstrap/-/mdbootstrap-4.14.0.tgz",
      "integrity": "sha512-RBa3uB64m1DpO1exIupqQkL0Ca108zpjXnOH+xyJ6bIyr4BJw2djSmWoizQHhN5o1v3ujN3PtNJ3x7k+ITmFRw=="
    }
  }
}
